
Microsoft Visual Studio Solution File, Format Version 12.00
# Visual Studio Version 17
VisualStudioVersion = 17.10.35013.160
MinimumVisualStudioVersion = 10.0.40219.1
Project("{9A19103F-16F7-4668-BE54-9A1E7A4F7556}") = "Ttcp", "Ttcp\Ttcp.csproj", "{4A0F54C6-061B-4BCF-B6E0-96ED59F32BB5}"
EndProject
Project("{FAE04EC0-301F-11D3-BF4B-00C04F79EFBC}") = "SomeTempTest", "SomeTempTest\SomeTempTest.csproj", "{8D240F53-62F8-421C-94D5-68B1E7B77544}"
EndProject
Global
	GlobalSection(SolutionConfigurationPlatforms) = preSolution
		Debug|Any CPU = Debug|Any CPU
		Release|Any CPU = Release|Any CPU
	EndGlobalSection
	GlobalSection(ProjectConfigurationPlatforms) = postSolution
		{4A0F54C6-061B-4BCF-B6E0-96ED59F32BB5}.Debug|Any CPU.ActiveCfg = Debug|Any CPU
		{4A0F54C6-061B-4BCF-B6E0-96ED59F32BB5}.Debug|Any CPU.Build.0 = Debug|Any CPU
		{4A0F54C6-061B-4BCF-B6E0-96ED59F32BB5}.Release|Any CPU.ActiveCfg = Release|Any CPU
		{4A0F54C6-061B-4BCF-B6E0-96ED59F32BB5}.Release|Any CPU.Build.0 = Release|Any CPU
		{8D240F53-62F8-421C-94D5-68B1E7B77544}.Debug|Any CPU.ActiveCfg = Debug|Any CPU
		{8D240F53-62F8-421C-94D5-68B1E7B77544}.Debug|Any CPU.Build.0 = Debug|Any CPU
		{8D240F53-62F8-421C-94D5-68B1E7B77544}.Release|Any CPU.ActiveCfg = Release|Any CPU
		{8D240F53-62F8-421C-94D5-68B1E7B77544}.Release|Any CPU.Build.0 = Release|Any CPU
	EndGlobalSection
	GlobalSection(SolutionProperties) = preSolution
		HideSolutionNode = FALSE
	EndGlobalSection
	GlobalSection(ExtensibilityGlobals) = postSolution
		SolutionGuid = {A614F429-C4CE-4C88-9F95-B4BC69E95C75}
	EndGlobalSection
EndGlobal
